
Microsoft Visual Studio Solution File, Format Version 12.00
# Visual Studio Version 16
VisualStudioVersion = 16.0.29613.14
MinimumVisualStudioVersion = 10.0.40219.1
Project("{FAE04EC0-301F-11D3-BF4B-00C04F79EFBC}") = "AppEsqueci.Android", "AppEsqueci\AppEsqueci.Android\AppEsqueci.Android.csproj", "{58397428-E662-4277-8A48-CD0ABC4E7AFD}"
EndProject
Project("{FAE04EC0-301F-11D3-BF4B-00C04F79EFBC}") = "AppEsqueci.iOS", "AppEsqueci\AppEsqueci.iOS\AppEsqueci.iOS.csproj", "{0E432014-F290-4904-862B-2D8DEC66F023}"
EndProject
Project("{FAE04EC0-301F-11D3-BF4B-00C04F79EFBC}") = "AppEsqueci", "AppEsqueci\AppEsqueci\AppEsqueci.csproj", "{5FAAEFD5-2D3A-430B-9676-2B7C1163E45D}"
EndProject
Global
	GlobalSection(SolutionConfigurationPlatforms) = preSolution
		Debug|Any CPU = Debug|Any CPU
		Debug|iPhone = Debug|iPhone
		Debug|iPhoneSimulator = Debug|iPhoneSimulator
		Release|Any CPU = Release|Any CPU
		Release|iPhone = Release|iPhone
		Release|iPhoneSimulator = Release|iPhoneSimulator
	EndGlobalSection
	GlobalSection(ProjectConfigurationPlatforms) = postSolution
		{58397428-E662-4277-8A48-CD0ABC4E7AFD}.Debug|Any CPU.ActiveCfg = Debug|Any CPU
		{58397428-E662-4277-8A48-CD0ABC4E7AFD}.Debug|Any CPU.Build.0 = Debug|Any CPU
		{58397428-E662-4277-8A48-CD0ABC4E7AFD}.Debug|Any CPU.Deploy.0 = Debug|Any CPU
		{58397428-E662-4277-8A48-CD0ABC4E7AFD}.Debug|iPhone.ActiveCfg = Debug|Any CPU
		{58397428-E662-4277-8A48-CD0ABC4E7AFD}.Debug|iPhone.Build.0 = Debug|Any CPU
		{58397428-E662-4277-8A48-CD0ABC4E7AFD}.Debug|iPhone.Deploy.0 = Debug|Any CPU
		{58397428-E662-4277-8A48-CD0ABC4E7AFD}.Debug|iPhoneSimulator.ActiveCfg = Debug|Any CPU
		{58397428-E662-4277-8A48-CD0ABC4E7AFD}.Debug|iPhoneSimulator.Build.0 = Debug|Any CPU
		{58397428-E662-4277-8A48-CD0ABC4E7AFD}.Debug|iPhoneSimulator.Deploy.0 = Debug|Any CPU
		{58397428-E662-4277-8A48-CD0ABC4E7AFD}.Release|Any CPU.ActiveCfg = Release|Any CPU
		{58397428-E662-4277-8A48-CD0ABC4E7AFD}.Release|Any CPU.Build.0 = Release|Any CPU
		{58397428-E662-4277-8A48-CD0ABC4E7AFD}.Release|Any CPU.Deploy.0 = Release|Any CPU
		{58397428-E662-4277-8A48-CD0ABC4E7AFD}.Release|iPhone.ActiveCfg = Release|Any CPU
		{58397428-E662-4277-8A48-CD0ABC4E7AFD}.Release|iPhone.Build.0 = Release|Any CPU
		{58397428-E662-4277-8A48-CD0ABC4E7AFD}.Release|iPhone.Deploy.0 = Release|Any CPU
		{58397428-E662-4277-8A48-CD0ABC4E7AFD}.Release|iPhoneSimulator.ActiveCfg = Release|Any CPU
		{58397428-E662-4277-8A48-CD0ABC4E7AFD}.Release|iPhoneSimulator.Build.0 = Release|Any CPU
		{58397428-E662-4277-8A48-CD0ABC4E7AFD}.Release|iPhoneSimulator.Deploy.0 = Release|Any CPU
		{0E432014-F290-4904-862B-2D8DEC66F023}.Debug|Any CPU.ActiveCfg = Debug|iPhoneSimulator
		{0E432014-F290-4904-862B-2D8DEC66F023}.Debug|Any CPU.Build.0 = Debug|iPhoneSimulator
		{0E432014-F290-4904-862B-2D8DEC66F023}.Debug|Any CPU.Deploy.0 = Debug|iPhoneSimulator
		{0E432014-F290-4904-862B-2D8DEC66F023}.Debug|iPhone.ActiveCfg = Debug|iPhone
		{0E432014-F290-4904-862B-2D8DEC66F023}.Debug|iPhone.Build.0 = Debug|iPhone
		{0E432014-F290-4904-862B-2D8DEC66F023}.Debug|iPhone.Deploy.0 = Debug|iPhone
		{0E432014-F290-4904-862B-2D8DEC66F023}.Debug|iPhoneSimulator.ActiveCfg = Debug|iPhoneSimulator
		{0E432014-F290-4904-862B-2D8DEC66F023}.Debug|iPhoneSimulator.Build.0 = Debug|iPhoneSimulator
		{0E432014-F290-4904-862B-2D8DEC66F023}.Debug|iPhoneSimulator.Deploy.0 = Debug|iPhoneSimulator
		{0E432014-F290-4904-862B-2D8DEC66F023}.Release|Any CPU.ActiveCfg = Release|iPhone
		{0E432014-F290-4904-862B-2D8DEC66F023}.Release|Any CPU.Build.0 = Release|iPhone
		{0E432014-F290-4904-862B-2D8DEC66F023}.Release|Any CPU.Deploy.0 = Release|iPhone
		{0E432014-F290-4904-862B-2D8DEC66F023}.Release|iPhone.ActiveCfg = Release|iPhone
		{0E432014-F290-4904-862B-2D8DEC66F023}.Release|iPhone.Build.0 = Release|iPhone
		{0E432014-F290-4904-862B-2D8DEC66F023}.Release|iPhone.Deploy.0 = Release|iPhone
		{0E432014-F290-4904-862B-2D8DEC66F023}.Release|iPhoneSimulator.ActiveCfg = Release|iPhoneSimulator
		{0E432014-F290-4904-862B-2D8DEC66F023}.Release|iPhoneSimulator.Build.0 = Release|iPhoneSimulator
		{0E432014-F290-4904-862B-2D8DEC66F023}.Release|iPhoneSimulator.Deploy.0 = Release|iPhoneSimulator
		{5FAAEFD5-2D3A-430B-9676-2B7C1163E45D}.Debug|Any CPU.ActiveCfg = Debug|Any CPU
		{5FAAEFD5-2D3A-430B-9676-2B7C1163E45D}.Debug|Any CPU.Build.0 = Debug|Any CPU
		{5FAAEFD5-2D3A-430B-9676-2B7C1163E45D}.Debug|Any CPU.Deploy.0 = Debug|Any CPU
		{5FAAEFD5-2D3A-430B-9676-2B7C1163E45D}.Debug|iPhone.ActiveCfg = Debug|Any CPU
		{5FAAEFD5-2D3A-430B-9676-2B7C1163E45D}.Debug|iPhone.Build.0 = Debug|Any CPU
		{5FAAEFD5-2D3A-430B-9676-2B7C1163E45D}.Debug|iPhone.Deploy.0 = Debug|Any CPU
		{5FAAEFD5-2D3A-430B-9676-2B7C1163E45D}.Debug|iPhoneSimulator.ActiveCfg = Debug|Any CPU
		{5FAAEFD5-2D3A-430B-9676-2B7C1163E45D}.Debug|iPhoneSimulator.Build.0 = Debug|Any CPU
		{5FAAEFD5-2D3A-430B-9676-2B7C1163E45D}.Debug|iPhoneSimulator.Deploy.0 = Debug|Any CPU
		{5FAAEFD5-2D3A-430B-9676-2B7C1163E45D}.Release|Any CPU.ActiveCfg = Release|Any CPU
		{5FAAEFD5-2D3A-430B-9676-2B7C1163E45D}.Release|Any CPU.Build.0 = Release|Any CPU
		{5FAAEFD5-2D3A-430B-9676-2B7C1163E45D}.Release|Any CPU.Deploy.0 = Release|Any CPU
		{5FAAEFD5-2D3A-430B-9676-2B7C1163E45D}.Release|iPhone.ActiveCfg = Release|Any CPU
		{5FAAEFD5-2D3A-430B-9676-2B7C1163E45D}.Release|iPhone.Build.0 = Release|Any CPU
		{5FAAEFD5-2D3A-430B-9676-2B7C1163E45D}.Release|iPhone.Deploy.0 = Release|Any CPU
		{5FAAEFD5-2D3A-430B-9676-2B7C1163E45D}.Release|iPhoneSimulator.ActiveCfg = Release|Any CPU
		{5FAAEFD5-2D3A-430B-9676-2B7C1163E45D}.Release|iPhoneSimulator.Build.0 = Release|Any CPU
		{5FAAEFD5-2D3A-430B-9676-2B7C1163E45D}.Release|iPhoneSimulator.Deploy.0 = Release|Any CPU
	EndGlobalSection
	GlobalSection(SolutionProperties) = preSolution
		HideSolutionNode = FALSE
	EndGlobalSection
	GlobalSection(ExtensibilityGlobals) = postSolution
		SolutionGuid = {A067016A-54AD-441C-9CF4-DB00B52B1AED}
	EndGlobalSection
EndGlobal
